PODS:
  - AFNetworking (2.2.3):
    - AFNetworking/NSURLConnection
    - AFNetworking/NSURLSession
    - AFNetworking/Reachability
    - AFNetworking/Security
    - AFNetworking/Serialization
    - AFNetworking/UIKit
  - AFNetworking/NSURLConnection (2.2.3):
    - AFNetworking/Reachability
    - AFNetworking/Security
    - AFNetworking/Serialization
  - AFNetworking/NSURLSession (2.2.3):
    - AFNetworking/NSURLConnection
  - AFNetworking/Reachability (2.2.3)
  - AFNetworking/Security (2.2.3)
  - AFNetworking/Serialization (2.2.3)
  - AFNetworking/UIKit (2.2.3):
    - AFNetworking/NSURLConnection
    - AFNetworking/NSURLSession
  - CocoaAsyncSocket (7.3.4)
  - CocoaLumberjack (1.6.5.1):
    - CocoaLumberjack/Core
    - CocoaLumberjack/Extensions
  - CocoaLumberjack/Core (1.6.5.1)
  - CocoaLumberjack/Extensions (1.6.5.1):
    - CocoaLumberjack/Core
  - DACircularProgress (2.2.0)
  - EGOCache (2.0)
  - IQKeyboardManager (3.0.4)
  - MagicalRecord (2.2):
    - MagicalRecord/Core
  - MagicalRecord/Core (2.2)
  - MBProgressHUD (0.8)
  - MWPhotoBrowser (1.4.0):
    - DACircularProgress
    - MBProgressHUD (~> 0.8)
    - PSTCollectionView (~> 1.2)
    - SDWebImage (~> 3.5.4)
  - OHAttributedLabel (3.5.3)
  - PSTCollectionView (1.2.0)
  - Reachability (3.1.1)
  - SDWebImage (3.5.4):
    - SDWebImage/Core
  - SDWebImage/Core (3.5.4)
  - SVPullToRefresh (0.4.1)
  - SVSegmentedControl (0.2)
  - UIActivityIndicator-for-SDWebImage (1.0.5):
    - SDWebImage (~> 3.2)
  - XMPPFramework (3.6.4):
    - XMPPFramework/Authentication
    - XMPPFramework/BandwidthMonitor
    - XMPPFramework/Categories
    - XMPPFramework/Core
    - XMPPFramework/CoreDataStorage
    - XMPPFramework/GoogleSharedStatus
    - XMPPFramework/KissXML
    - XMPPFramework/ProcessOne
    - XMPPFramework/Reconnect
    - XMPPFramework/Roster
    - XMPPFramework/SystemInputActivityMonitor
    - XMPPFramework/Utilities
    - XMPPFramework/XEP-0009
    - XMPPFramework/XEP-0012
    - XMPPFramework/XEP-0016
    - XMPPFramework/XEP-0045
    - XMPPFramework/XEP-0054
    - XMPPFramework/XEP-0059
    - XMPPFramework/XEP-0060
    - XMPPFramework/XEP-0065
    - XMPPFramework/XEP-0066
    - XMPPFramework/XEP-0082
    - XMPPFramework/XEP-0085
    - XMPPFramework/XEP-0100
    - XMPPFramework/XEP-0106
    - XMPPFramework/XEP-0115
    - XMPPFramework/XEP-0136
    - XMPPFramework/XEP-0153
    - XMPPFramework/XEP-0172
    - XMPPFramework/XEP-0184
    - XMPPFramework/XEP-0199
    - XMPPFramework/XEP-0202
    - XMPPFramework/XEP-0203
    - XMPPFramework/XEP-0223
    - XMPPFramework/XEP-0224
    - XMPPFramework/XEP-0297
    - XMPPFramework/XEP-0308
  - XMPPFramework/Authentication (3.6.4):
    - XMPPFramework/Core
  - XMPPFramework/BandwidthMonitor (3.6.4):
    - XMPPFramework/Core
  - XMPPFramework/Categories (3.6.4):
    - XMPPFramework/Core
  - XMPPFramework/Core (3.6.4):
    - CocoaAsyncSocket (~> 7.3.1)
    - CocoaLumberjack (~> 1.6.2)
    - XMPPFramework/Authentication
    - XMPPFramework/Categories
    - XMPPFramework/KissXML
    - XMPPFramework/Utilities
  - XMPPFramework/CoreDataStorage (3.6.4):
    - XMPPFramework/Core
  - XMPPFramework/GoogleSharedStatus (3.6.4):
    - XMPPFramework/Core
  - XMPPFramework/KissXML (3.6.4):
    - XMPPFramework/Core
  - XMPPFramework/ProcessOne (3.6.4):
    - XMPPFramework/Core
  - XMPPFramework/Reconnect (3.6.4):
    - XMPPFramework/Core
  - XMPPFramework/Roster (3.6.4):
    - XMPPFramework/Core
    - XMPPFramework/CoreDataStorage
    - XMPPFramework/XEP-0203
  - XMPPFramework/SystemInputActivityMonitor (3.6.4):
    - XMPPFramework/Core
  - XMPPFramework/Utilities (3.6.4):
    - XMPPFramework/Core
  - XMPPFramework/XEP-0009 (3.6.4):
    - XMPPFramework/Core
  - XMPPFramework/XEP-0012 (3.6.4):
    - XMPPFramework/Core
  - XMPPFramework/XEP-0016 (3.6.4):
    - XMPPFramework/Core
  - XMPPFramework/XEP-0045 (3.6.4):
    - XMPPFramework/Core
    - XMPPFramework/CoreDataStorage
    - XMPPFramework/XEP-0203
  - XMPPFramework/XEP-0054 (3.6.4):
    - XMPPFramework/Core
    - XMPPFramework/Roster
    - XMPPFramework/XEP-0153
  - XMPPFramework/XEP-0059 (3.6.4):
    - XMPPFramework/Core
  - XMPPFramework/XEP-0060 (3.6.4):
    - XMPPFramework/Core
  - XMPPFramework/XEP-0065 (3.6.4):
    - XMPPFramework/Core
  - XMPPFramework/XEP-0066 (3.6.4):
    - XMPPFramework/Core
  - XMPPFramework/XEP-0082 (3.6.4):
    - XMPPFramework/Core
  - XMPPFramework/XEP-0085 (3.6.4):
    - XMPPFramework/Core
  - XMPPFramework/XEP-0100 (3.6.4):
    - XMPPFramework/Core
  - XMPPFramework/XEP-0106 (3.6.4):
    - XMPPFramework/Core
  - XMPPFramework/XEP-0115 (3.6.4):
    - XMPPFramework/Core
    - XMPPFramework/CoreDataStorage
  - XMPPFramework/XEP-0136 (3.6.4):
    - XMPPFramework/Core
    - XMPPFramework/CoreDataStorage
    - XMPPFramework/XEP-0085
    - XMPPFramework/XEP-0203
  - XMPPFramework/XEP-0153 (3.6.4):
    - XMPPFramework/Core
    - XMPPFramework/XEP-0054
  - XMPPFramework/XEP-0172 (3.6.4):
    - XMPPFramework/Core
  - XMPPFramework/XEP-0184 (3.6.4):
    - XMPPFramework/Core
  - XMPPFramework/XEP-0199 (3.6.4):
    - XMPPFramework/Core
  - XMPPFramework/XEP-0202 (3.6.4):
    - XMPPFramework/Core
    - XMPPFramework/XEP-0082
  - XMPPFramework/XEP-0203 (3.6.4):
    - XMPPFramework/Core
    - XMPPFramework/XEP-0082
  - XMPPFramework/XEP-0223 (3.6.4):
    - XMPPFramework/Core
  - XMPPFramework/XEP-0224 (3.6.4):
    - XMPPFramework/Core
  - XMPPFramework/XEP-0297 (3.6.4):
    - XMPPFramework/Core
  - XMPPFramework/XEP-0308 (3.6.4):
    - XMPPFramework/Core

DEPENDENCIES:
  - AFNetworking (~> 2.0)
  - EGOCache (~> 2.0)
  - IQKeyboardManager (~> 3.0.4)
  - MagicalRecord (~> 2.2)
  - MBProgressHUD (~> 0.8)
  - MWPhotoBrowser
  - OHAttributedLabel
  - PSTCollectionView (~> 1.2.0)
  - Reachability (~> 3.1.1)
  - SDWebImage (~> 3.5.2)
  - SVPullToRefresh (~> 0.4.1)
  - SVSegmentedControl (~> 0.2)
  - UIActivityIndicator-for-SDWebImage
  - XMPPFramework (~> 3.6.4)

SPEC CHECKSUMS:
  AFNetworking: ae513199cca79e9d7af2708ccabe2ed075550c42
  CocoaAsyncSocket: 534d09416f992fd51efb23f534742ce70b3a7999
  CocoaLumberjack: 17803afbade3126a377d32b8d23367264b44ced6
  DACircularProgress: 659d6fd11b5fc099c13ba9350239d9dca324916a
  EGOCache: c7116e8a6692eecb542f001a9c71f9b71ae9644b
  IQKeyboardManager: 7f7d9ac326ff0908499d5304645338baf846f4d2
  MagicalRecord: 95d49d74ef752cd52f6ad87bcb474817fc3978cf
  MBProgressHUD: 2bbc6f470111daf7f3eaa4eb12b8cbf01c4c0622
  MWPhotoBrowser: b85e89fcf0575062f32c472d389265dce1f068e1
  OHAttributedLabel: 985e4b57eec0dc6add79179ac47ec888b8a914e7
  PSTCollectionView: fb2ad2790c6efa306b2caf10315b2c1464d1f5c6
  Reachability: be4883bb93f31e38266ae3365e5600a317aae735
  SDWebImage: 1a62010700adbba823b621fc217906739dbf6aa5
  SVPullToRefresh: 61a0e4bd12bd6f8e3465909810b0fbeb1a28d5f2
  SVSegmentedControl: e874fc56c2a1efb9f597ddf0908101393f53fe96
  UIActivityIndicator-for-SDWebImage: 6ab42f95a4066339e2338c3326679a526ce2ef64
  XMPPFramework: eee9ed80df314067fac613c24223ad73834306b0

COCOAPODS: 0.32.1
