PODS:
  - MagicalRecord (2.2):
    - MagicalRecord/Core
  - MagicalRecord/Core (2.2)
  - SDWebImage (3.5.2):
    - SDWebImage/Core
  - SDWebImage/Core (3.5.2)
  - SVPullToRefresh (0.4.1)
  - SVSegmentedControl (0.2)

DEPENDENCIES:
  - MagicalRecord (~> 2.2)
  - SDWebImage (~> 3.5.2)
  - SVPullToRefresh (~> 0.4.1)
  - SVSegmentedControl (~> 0.2)

SPEC CHECKSUMS:
  MagicalRecord: 95d49d74ef752cd52f6ad87bcb474817fc3978cf
  SDWebImage: fe7ce01ae4e0a884d168f59c9dd82d35baf8429e
  SVPullToRefresh: 61a0e4bd12bd6f8e3465909810b0fbeb1a28d5f2
  SVSegmentedControl: e874fc56c2a1efb9f597ddf0908101393f53fe96

COCOAPODS: 0.28.0
